
Microsoft Visual Studio Solution File, Format Version 12.00
# Visual Studio Version 16
VisualStudioVersion = 16.0.29806.167
MinimumVisualStudioVersion = 10.0.40219.1
Project("{FAE04EC0-301F-11D3-BF4B-00C04F79EFBC}") = "TRMDataManager", "TRMDataManager\TRMDataManager.csproj", "{CB1BABAB-7341-487E-86A9-F4DC7F23BFDC}"
EndProject
Project("{00D1A9C2-B5F0-4AF3-8072-F6C62B433612}") = "TRMData", "TRMData\TRMData.sqlproj", "{8B1347E2-B193-4B12-8BCC-D97CA1B67F00}"
EndProject
Project("{FAE04EC0-301F-11D3-BF4B-00C04F79EFBC}") = "TRMDesktopUI", "TRMDesktopUI\TRMDesktopUI.csproj", "{B5B86AD3-8B9A-4A26-B7BD-5D35B3F13B1C}"
EndProject
Global
	GlobalSection(SolutionConfigurationPlatforms) = preSolution
		Debug|Any CPU = Debug|Any CPU
		Release|Any CPU = Release|Any CPU
	EndGlobalSection
	GlobalSection(ProjectConfigurationPlatforms) = postSolution
		{CB1BABAB-7341-487E-86A9-F4DC7F23BFDC}.Debug|Any CPU.ActiveCfg = Debug|Any CPU
		{CB1BABAB-7341-487E-86A9-F4DC7F23BFDC}.Debug|Any CPU.Build.0 = Debug|Any CPU
		{CB1BABAB-7341-487E-86A9-F4DC7F23BFDC}.Release|Any CPU.ActiveCfg = Release|Any CPU
		{CB1BABAB-7341-487E-86A9-F4DC7F23BFDC}.Release|Any CPU.Build.0 = Release|Any CPU
		{8B1347E2-B193-4B12-8BCC-D97CA1B67F00}.Debug|Any CPU.ActiveCfg = Debug|Any CPU
		{8B1347E2-B193-4B12-8BCC-D97CA1B67F00}.Debug|Any CPU.Build.0 = Debug|Any CPU
		{8B1347E2-B193-4B12-8BCC-D97CA1B67F00}.Debug|Any CPU.Deploy.0 = Debug|Any CPU
		{8B1347E2-B193-4B12-8BCC-D97CA1B67F00}.Release|Any CPU.ActiveCfg = Release|Any CPU
		{8B1347E2-B193-4B12-8BCC-D97CA1B67F00}.Release|Any CPU.Build.0 = Release|Any CPU
		{8B1347E2-B193-4B12-8BCC-D97CA1B67F00}.Release|Any CPU.Deploy.0 = Release|Any CPU
		{B5B86AD3-8B9A-4A26-B7BD-5D35B3F13B1C}.Debug|Any CPU.ActiveCfg = Debug|Any CPU
		{B5B86AD3-8B9A-4A26-B7BD-5D35B3F13B1C}.Debug|Any CPU.Build.0 = Debug|Any CPU
		{B5B86AD3-8B9A-4A26-B7BD-5D35B3F13B1C}.Release|Any CPU.ActiveCfg = Release|Any CPU
		{B5B86AD3-8B9A-4A26-B7BD-5D35B3F13B1C}.Release|Any CPU.Build.0 = Release|Any CPU
	EndGlobalSection
	GlobalSection(SolutionProperties) = preSolution
		HideSolutionNode = FALSE
	EndGlobalSection
	GlobalSection(ExtensibilityGlobals) = postSolution
		SolutionGuid = {4CF98A99-134C-4959-846C-B0469487FE81}
	EndGlobalSection
EndGlobal
